
Microsoft Visual Studio Solution File, Format Version 12.00
# Visual Studio Version 16
VisualStudioVersion = 16.0.30717.126
MinimumVisualStudioVersion = 10.0.40219.1
Project("{9A19103F-16F7-4668-BE54-9A1E7A4F7556}") = "FindLongestPossibleRouteInMatrix", "FindLongestPossibleRouteInMatrix\FindLongestPossibleRouteInMatrix.csproj", "{8AAE5013-4CF2-4959-AEA7-C5465293D321}"
EndProject
Project("{9A19103F-16F7-4668-BE54-9A1E7A4F7556}") = "SudokuSolver", "SudokuSolver\SudokuSolver.csproj", "{4818552C-15ED-4896-82D6-74D8243C4AEB}"
EndProject
Project("{FAE04EC0-301F-11D3-BF4B-00C04F79EFBC}") = "FindPathBetweenVerticesDirectedGraph", "FindPathBetweenVerticesDirectedGraph\FindPathBetweenVerticesDirectedGraph.csproj", "{66B53F91-3968-416C-99F0-6A9A77C0C3B1}"
EndProject
Global
	GlobalSection(SolutionConfigurationPlatforms) = preSolution
		Debug|Any CPU = Debug|Any CPU
		Release|Any CPU = Release|Any CPU
	EndGlobalSection
	GlobalSection(ProjectConfigurationPlatforms) = postSolution
		{8AAE5013-4CF2-4959-AEA7-C5465293D321}.Debug|Any CPU.ActiveCfg = Debug|Any CPU
		{8AAE5013-4CF2-4959-AEA7-C5465293D321}.Debug|Any CPU.Build.0 = Debug|Any CPU
		{8AAE5013-4CF2-4959-AEA7-C5465293D321}.Release|Any CPU.ActiveCfg = Release|Any CPU
		{8AAE5013-4CF2-4959-AEA7-C5465293D321}.Release|Any CPU.Build.0 = Release|Any CPU
		{4818552C-15ED-4896-82D6-74D8243C4AEB}.Debug|Any CPU.ActiveCfg = Debug|Any CPU
		{4818552C-15ED-4896-82D6-74D8243C4AEB}.Debug|Any CPU.Build.0 = Debug|Any CPU
		{4818552C-15ED-4896-82D6-74D8243C4AEB}.Release|Any CPU.ActiveCfg = Release|Any CPU
		{4818552C-15ED-4896-82D6-74D8243C4AEB}.Release|Any CPU.Build.0 = Release|Any CPU
		{66B53F91-3968-416C-99F0-6A9A77C0C3B1}.Debug|Any CPU.ActiveCfg = Debug|Any CPU
		{66B53F91-3968-416C-99F0-6A9A77C0C3B1}.Debug|Any CPU.Build.0 = Debug|Any CPU
		{66B53F91-3968-416C-99F0-6A9A77C0C3B1}.Release|Any CPU.ActiveCfg = Release|Any CPU
		{66B53F91-3968-416C-99F0-6A9A77C0C3B1}.Release|Any CPU.Build.0 = Release|Any CPU
	EndGlobalSection
	GlobalSection(SolutionProperties) = preSolution
		HideSolutionNode = FALSE
	EndGlobalSection
	GlobalSection(ExtensibilityGlobals) = postSolution
		SolutionGuid = {210C884C-B402-4D32-98F1-551D415D6012}
	EndGlobalSection
EndGlobal
